# This file is autogenerated, do not edit; changes may be undone by the next 'dep ensure'.


[[projects]]
  name = "github.com/google/gopacket"
  packages = [
    ".",
    "layers",
    "pcap"
  ]
  revision = "11c65f1ca9081dfea43b4f9643f5c155583b73ba"
  version = "v1.1.14"

[[projects]]
  branch = "master"
  name = "github.com/hypebeast/go-osc"
  packages = ["osc"]
  revision = "592fa95c06c9545c783966963785f74e4a088d6a"

[solve-meta]
  analyzer-name = "dep"
  analyzer-version = 1
  inputs-digest = "d1984db482bc3d31c81e75e49e7b30c8867b26d54322adeaff272bdb37768d00"
  solver-name = "gps-cdcl"
  solver-version = 1
